
Microsoft Visual Studio Solution File, Format Version 12.00
# Visual Studio Version 17
VisualStudioVersion = 17.14.36623.8
MinimumVisualStudioVersion = 10.0.40219.1
Project("{FAE04EC0-301F-11D3-BF4B-00C04F79EFBC}") = "Orderizer_Official", "Orderizer_Official.csproj", "{5C7B6316-37DB-47FD-9C48-6857EDDBC075}"
EndProject
Project("{FAE04EC0-301F-11D3-BF4B-00C04F79EFBC}") = "Ord_Business", "Ord_Business\Ord_Business.csproj", "{2C218AE4-E4D0-1BFA-03F0-74702DD3087D}"
EndProject
Project("{FAE04EC0-301F-11D3-BF4B-00C04F79EFBC}") = "Ord_Common", "Ord_Common\Ord_Common.csproj", "{00F929C9-1F24-649A-49C5-0F1EF2864E00}"
EndProject
Project("{FAE04EC0-301F-11D3-BF4B-00C04F79EFBC}") = "Ord_Data", "Ord_Data\Ord_Data.csproj", "{DC0A891E-88DC-B99F-C41C-F2BD79320F0A}"
EndProject
Project("{FAE04EC0-301F-11D3-BF4B-00C04F79EFBC}") = "Ord_WinGUI", "Ord_WinGUI\Ord_WinGUI.csproj", "{CDF868BC-8A59-1AFC-567B-DFA2CCBB0183}"
EndProject
Global
	GlobalSection(SolutionConfigurationPlatforms) = preSolution
		Debug|Any CPU = Debug|Any CPU
		Release|Any CPU = Release|Any CPU
	EndGlobalSection
	GlobalSection(ProjectConfigurationPlatforms) = postSolution
		{5C7B6316-37DB-47FD-9C48-6857EDDBC075}.Debug|Any CPU.ActiveCfg = Debug|Any CPU
		{5C7B6316-37DB-47FD-9C48-6857EDDBC075}.Debug|Any CPU.Build.0 = Debug|Any CPU
		{5C7B6316-37DB-47FD-9C48-6857EDDBC075}.Release|Any CPU.ActiveCfg = Release|Any CPU
		{5C7B6316-37DB-47FD-9C48-6857EDDBC075}.Release|Any CPU.Build.0 = Release|Any CPU
		{2C218AE4-E4D0-1BFA-03F0-74702DD3087D}.Debug|Any CPU.ActiveCfg = Debug|Any CPU
		{2C218AE4-E4D0-1BFA-03F0-74702DD3087D}.Debug|Any CPU.Build.0 = Debug|Any CPU
		{2C218AE4-E4D0-1BFA-03F0-74702DD3087D}.Release|Any CPU.ActiveCfg = Release|Any CPU
		{2C218AE4-E4D0-1BFA-03F0-74702DD3087D}.Release|Any CPU.Build.0 = Release|Any CPU
		{00F929C9-1F24-649A-49C5-0F1EF2864E00}.Debug|Any CPU.ActiveCfg = Debug|Any CPU
		{00F929C9-1F24-649A-49C5-0F1EF2864E00}.Debug|Any CPU.Build.0 = Debug|Any CPU
		{00F929C9-1F24-649A-49C5-0F1EF2864E00}.Release|Any CPU.ActiveCfg = Release|Any CPU
		{00F929C9-1F24-649A-49C5-0F1EF2864E00}.Release|Any CPU.Build.0 = Release|Any CPU
		{DC0A891E-88DC-B99F-C41C-F2BD79320F0A}.Debug|Any CPU.ActiveCfg = Debug|Any CPU
		{DC0A891E-88DC-B99F-C41C-F2BD79320F0A}.Debug|Any CPU.Build.0 = Debug|Any CPU
		{DC0A891E-88DC-B99F-C41C-F2BD79320F0A}.Release|Any CPU.ActiveCfg = Release|Any CPU
		{DC0A891E-88DC-B99F-C41C-F2BD79320F0A}.Release|Any CPU.Build.0 = Release|Any CPU
		{CDF868BC-8A59-1AFC-567B-DFA2CCBB0183}.Debug|Any CPU.ActiveCfg = Debug|Any CPU
		{CDF868BC-8A59-1AFC-567B-DFA2CCBB0183}.Debug|Any CPU.Build.0 = Debug|Any CPU
		{CDF868BC-8A59-1AFC-567B-DFA2CCBB0183}.Release|Any CPU.ActiveCfg = Release|Any CPU
		{CDF868BC-8A59-1AFC-567B-DFA2CCBB0183}.Release|Any CPU.Build.0 = Release|Any CPU
	EndGlobalSection
	GlobalSection(SolutionProperties) = preSolution
		HideSolutionNode = FALSE
	EndGlobalSection
	GlobalSection(ExtensibilityGlobals) = postSolution
		SolutionGuid = {EBECD267-1378-4CCF-A5E5-EC72C2649FCE}
	EndGlobalSection
EndGlobal
